// !$*UTF8*$!
{
	archiveVersion = 1;
	classes = {
	};
	objectVersion = 46;
	objects = {

/* Begin PBXBuildFile section */
		2CACBBDC6A5DA3A34A46EA60 /* Pods_DiaryMVC.framework in Frameworks */ = {isa = PBXBuildFile; fileRef = F1C88D07803FF0459E5F756A /* Pods_DiaryMVC.framework */; };
		40A3A20D1DCE09A50032EECE /* AppDelegate.swift in Sources */ = {isa = PBXBuildFile; fileRef = 40A3A20C1DCE09A50032EECE /* AppDelegate.swift */; };
		40A3A2121DCE09A50032EECE /* Main.storyboard in Resources */ = {isa = PBXBuildFile; fileRef = 40A3A2101DCE09A50032EECE /* Main.storyboard */; };
		40A3A2141DCE09A50032EECE /* Assets.xcassets in Resources */ = {isa = PBXBuildFile; fileRef = 40A3A2131DCE09A50032EECE /* Assets.xcassets */; };
		40A3A2171DCE09A50032EECE /* LaunchScreen.storyboard in Resources */ = {isa = PBXBuildFile; fileRef = 40A3A2151DCE09A50032EECE /* LaunchScreen.storyboard */; };
		40A3A21F1DCE0CBF0032EECE /* TableViewCell.swift in Sources */ = {isa = PBXBuildFile; fileRef = 40A3A21E1DCE0CBF0032EECE /* TableViewCell.swift */; };
		40A3A2211DCE0F510032EECE /* TableViewController.swift in Sources */ = {isa = PBXBuildFile; fileRef = 40A3A2201DCE0F510032EECE /* TableViewController.swift */; };
		40A3A2231DCE0F790032EECE /* SecondViewController.swift in Sources */ = {isa = PBXBuildFile; fileRef = 40A3A2221DCE0F790032EECE /* SecondViewController.swift */; };
		40A3A2251DCE0F940032EECE /* SettingsViewController.swift in Sources */ = {isa = PBXBuildFile; fileRef = 40A3A2241DCE0F940032EECE /* SettingsViewController.swift */; };
		40A75B911DCE20BF00EE81B1 /* SettingsViewCell.swift in Sources */ = {isa = PBXBuildFile; fileRef = 40A75B901DCE20BF00EE81B1 /* SettingsViewCell.swift */; };
		40FF71611DCE150C00823CDE /* Diary.swift in Sources */ = {isa = PBXBuildFile; fileRef = 40FF71601DCE150C00823CDE /* Diary.swift */; };
/* End PBXBuildFile section */

/* Begin PBXFileReference section */
		40A3A2091DCE09A50032EECE /* DiaryMVC.app */ = {isa = PBXFileReference; explicitFileType = wrapper.application; includeInIndex = 0; path = DiaryMVC.app; sourceTree = BUILT_PRODUCTS_DIR; };
		40A3A20C1DCE09A50032EECE /* AppDelegate.swift */ = {isa = PBXFileReference; lastKnownFileType = sourcecode.swift; path = AppDelegate.swift; sourceTree = "<group>"; };
		40A3A2111DCE09A50032EECE /* Base */ = {isa = PBXFileReference; lastKnownFileType = file.storyboard; name = Base; path = Base.lproj/Main.storyboard; sourceTree = "<group>"; };
		40A3A2131DCE09A50032EECE /* Assets.xcassets */ = {isa = PBXFileReference; lastKnownFileType = folder.assetcatalog; path = Assets.xcassets; sourceTree = "<group>"; };
		40A3A2161DCE09A50032EECE /* Base */ = {isa = PBXFileReference; lastKnownFileType = file.storyboard; name = Base; path = Base.lproj/LaunchScreen.storyboard; sourceTree = "<group>"; };
		40A3A2181DCE09A50032EECE /* Info.plist */ = {isa = PBXFileReference; lastKnownFileType = text.plist.xml; path = Info.plist; sourceTree = "<group>"; };
		40A3A21E1DCE0CBF0032EECE /* TableViewCell.swift */ = {isa = PBXFileReference; fileEncoding = 4; lastKnownFileType = sourcecode.swift; path = TableViewCell.swift; sourceTree = "<group>"; };
		40A3A2201DCE0F510032EECE /* TableViewController.swift */ = {isa = PBXFileReference; fileEncoding = 4; lastKnownFileType = sourcecode.swift; path = TableViewController.swift; sourceTree = "<group>"; };
		40A3A2221DCE0F790032EECE /* SecondViewController.swift */ = {isa = PBXFileReference; fileEncoding = 4; lastKnownFileType = sourcecode.swift; path = SecondViewController.swift; sourceTree = "<group>"; };
		40A3A2241DCE0F940032EECE /* SettingsViewController.swift */ = {isa = PBXFileReference; fileEncoding = 4; lastKnownFileType = sourcecode.swift; path = SettingsViewController.swift; sourceTree = "<group>"; };
		40A75B901DCE20BF00EE81B1 /* SettingsViewCell.swift */ = {isa = PBXFileReference; fileEncoding = 4; lastKnownFileType = sourcecode.swift; path = SettingsViewCell.swift; sourceTree = "<group>"; };
		40FF71601DCE150C00823CDE /* Diary.swift */ = {isa = PBXFileReference; fileEncoding = 4; lastKnownFileType = sourcecode.swift; path = Diary.swift; sourceTree = "<group>"; };
		72CCF35EEB7384063138BAA6 /* Pods-DiaryMVC.debug.xcconfig */ = {isa = PBXFileReference; includeInIndex = 1; lastKnownFileType = text.xcconfig; name = "Pods-DiaryMVC.debug.xcconfig"; path = "Pods/Target Support Files/Pods-DiaryMVC/Pods-DiaryMVC.debug.xcconfig"; sourceTree = "<group>"; };
		F1C88D07803FF0459E5F756A /* Pods_DiaryMVC.framework */ = {isa = PBXFileReference; explicitFileType = wrapper.framework; includeInIndex = 0; path = Pods_DiaryMVC.framework; sourceTree = BUILT_PRODUCTS_DIR; };
		F73FD4C982FAEE5425CA3BE0 /* Pods-DiaryMVC.release.xcconfig */ = {isa = PBXFileReference; includeInIndex = 1; lastKnownFileType = text.xcconfig; name = "Pods-DiaryMVC.release.xcconfig"; path = "Pods/Target Support Files/Pods-DiaryMVC/Pods-DiaryMVC.release.xcconfig"; sourceTree = "<group>"; };
/* End PBXFileReference section */

/* Begin PBXFrameworksBuildPhase section */
		40A3A2061DCE09A50032EECE /* Frameworks */ = {
			isa = PBXFrameworksBuildPhase;
			buildActionMask = 2147483647;
			files = (
				2CACBBDC6A5DA3A34A46EA60 /* Pods_DiaryMVC.framework in Frameworks */,
			);
			runOnlyForDeploymentPostprocessing = 0;
		};
/* End PBXFrameworksBuildPhase section */

/* Begin PBXGroup section */
		40A3A2001DCE09A50032EECE = {
			isa = PBXGroup;
			children = (
				40A3A20B1DCE09A50032EECE /* DiaryMVC */,
				40A3A20A1DCE09A50032EECE /* Products */,
				46ADB322D4EC97F09EF2EA85 /* Pods */,
				C7BEDCAFA9552D0E91099BE8 /* Frameworks */,
			);
			sourceTree = "<group>";
		};
		40A3A20A1DCE09A50032EECE /* Products */ = {
			isa = PBXGroup;
			children = (
				40A3A2091DCE09A50032EECE /* DiaryMVC.app */,
			);
			name = Products;
			sourceTree = "<group>";
		};
		40A3A20B1DCE09A50032EECE /* DiaryMVC */ = {
			isa = PBXGroup;
			children = (
				40A3A20C1DCE09A50032EECE /* AppDelegate.swift */,
				40A3A21E1DCE0CBF0032EECE /* TableViewCell.swift */,
				40A75B901DCE20BF00EE81B1 /* SettingsViewCell.swift */,
				40FF71601DCE150C00823CDE /* Diary.swift */,
				40A3A2201DCE0F510032EECE /* TableViewController.swift */,
				40A3A2221DCE0F790032EECE /* SecondViewController.swift */,
				40A3A2241DCE0F940032EECE /* SettingsViewController.swift */,
				40A3A2101DCE09A50032EECE /* Main.storyboard */,
				40A3A2131DCE09A50032EECE /* Assets.xcassets */,
				40A3A2151DCE09A50032EECE /* LaunchScreen.storyboard */,
				40A3A2181DCE09A50032EECE /* Info.plist */,
			);
			path = DiaryMVC;
			sourceTree = "<group>";
		};
		46ADB322D4EC97F09EF2EA85 /* Pods */ = {
			isa = PBXGroup;
			children = (
				72CCF35EEB7384063138BAA6 /* Pods-DiaryMVC.debug.xcconfig */,
				F73FD4C982FAEE5425CA3BE0 /* Pods-DiaryMVC.release.xcconfig */,
			);
			name = Pods;
			sourceTree = "<group>";
		};
		C7BEDCAFA9552D0E91099BE8 /* Frameworks */ = {
			isa = PBXGroup;
			children = (
				F1C88D07803FF0459E5F756A /* Pods_DiaryMVC.framework */,
			);
			name = Frameworks;
			sourceTree = "<group>";
		};
/* End PBXGroup section */

/* Begin PBXNativeTarget section */
		40A3A2081DCE09A50032EECE /* DiaryMVC */ = {
			isa = PBXNativeTarget;
			buildConfigurationList = 40A3A21B1DCE09A50032EECE /* Build configuration list for PBXNativeTarget "DiaryMVC" */;
			buildPhases = (
				CD51B526622EF66FC244761B /* Check Pods Manifest.lock */,
				40A3A2051DCE09A50032EECE /* Sources */,
				40A3A2061DCE09A50032EECE /* Frameworks */,
				40A3A2071DCE09A50032EECE /* Resources */,
				7F537DEF07B06E5298055E86 /* Embed Pods Frameworks */,
				7B7CAD603098161FDEDD352A /* Copy Pods Resources */,
			);
			buildRules = (
			);
			dependencies = (
			);
			name = DiaryMVC;
			productName = DiaryMVC;
			productReference = 40A3A2091DCE09A50032EECE /* DiaryMVC.app */;
			productType = "com.apple.product-type.application";
		};
/* End PBXNativeTarget section */

/* Begin PBXProject section */
		40A3A2011DCE09A50032EECE /* Project object */ = {
			isa = PBXProject;
			attributes = {
				LastSwiftUpdateCheck = 0810;
				LastUpgradeCheck = 0810;
				ORGANIZATIONNAME = "Vladimir Saprykin";
				TargetAttributes = {
					40A3A2081DCE09A50032EECE = {
						CreatedOnToolsVersion = 8.1;
						DevelopmentTeam = D679G69XAU;
						LastSwiftMigration = 0810;
						ProvisioningStyle = Automatic;
					};
				};
			};
			buildConfigurationList = 40A3A2041DCE09A50032EECE /* Build configuration list for PBXProject "DiaryMVC" */;
			compatibilityVersion = "Xcode 3.2";
			developmentRegion = English;
			hasScannedForEncodings = 0;
			knownRegions = (
				en,
				Base,
			);
			mainGroup = 40A3A2001DCE09A50032EECE;
			productRefGroup = 40A3A20A1DCE09A50032EECE /* Products */;
			projectDirPath = "";
			projectRoot = "";
			targets = (
				40A3A2081DCE09A50032EECE /* DiaryMVC */,
			);
		};
/* End PBXProject section */

/* Begin PBXResourcesBuildPhase section */
		40A3A2071DCE09A50032EECE /* Resources */ = {
			isa = PBXResourcesBuildPhase;
			buildActionMask = 2147483647;
			files = (
				40A3A2171DCE09A50032EECE /* LaunchScreen.storyboard in Resources */,
				40A3A2141DCE09A50032EECE /* Assets.xcassets in Resources */,
				40A3A2121DCE09A50032EECE /* Main.storyboard in Resources */,
			);
			runOnlyForDeploymentPostprocessing = 0;
		};
/* End PBXResourcesBuildPhase section */

/* Begin PBXShellScriptBuildPhase section */
		7B7CAD603098161FDEDD352A /* Copy Pods Resources */ = {
			isa = PBXShellScriptBuildPhase;
			buildActionMask = 2147483647;
			files = (
			);
			inputPaths = (
			);
			name = "Copy Pods Resources";
			outputPaths = (
			);
			runOnlyForDeploymentPostprocessing = 0;
			shellPath = /bin/sh;
			shellScript = "\"${SRCROOT}/Pods/Target Support Files/Pods-DiaryMVC/Pods-DiaryMVC-resources.sh\"\n";
			showEnvVarsInLog = 0;
		};
		7F537DEF07B06E5298055E86 /* Embed Pods Frameworks */ = {
			isa = PBXShellScriptBuildPhase;
			buildActionMask = 2147483647;
			files = (
			);
			inputPaths = (
			);
			name = "Embed Pods Frameworks";
			outputPaths = (
			);
			runOnlyForDeploymentPostprocessing = 0;
			shellPath = /bin/sh;
			shellScript = "\"${SRCROOT}/Pods/Target Support Files/Pods-DiaryMVC/Pods-DiaryMVC-frameworks.sh\"\n";
			showEnvVarsInLog = 0;
		};
		CD51B526622EF66FC244761B /* Check Pods Manifest.lock */ = {
			isa = PBXShellScriptBuildPhase;
			buildActionMask = 2147483647;
			files = (
			);
			inputPaths = (
			);
			name = "Check Pods Manifest.lock";
			outputPaths = (
			);
			runOnlyForDeploymentPostprocessing = 0;
			shellPath = /bin/sh;
			shellScript = "diff \"${PODS_ROOT}/../Podfile.lock\" \"${PODS_ROOT}/Manifest.lock\" > /dev/null\nif [[ $? != 0 ]] ; then\n    cat << EOM\nerror: The sandbox is not in sync with the Podfile.lock. Run 'pod install' or update your CocoaPods installation.\nEOM\n    exit 1\nfi\n";
			showEnvVarsInLog = 0;
		};
/* End PBXShellScriptBuildPhase section */

/* Begin PBXSourcesBuildPhase section */
		40A3A2051DCE09A50032EECE /* Sources */ = {
			isa = PBXSourcesBuildPhase;
			buildActionMask = 2147483647;
			files = (
				40FF71611DCE150C00823CDE /* Diary.swift in Sources */,
				40A3A2231DCE0F790032EECE /* SecondViewController.swift in Sources */,
				40A3A2251DCE0F940032EECE /* SettingsViewController.swift in Sources */,
				40A3A2211DCE0F510032EECE /* TableViewController.swift in Sources */,
				40A3A20D1DCE09A50032EECE /* AppDelegate.swift in Sources */,
				40A75B911DCE20BF00EE81B1 /* SettingsViewCell.swift in Sources */,
				40A3A21F1DCE0CBF0032EECE /* TableViewCell.swift in Sources */,
			);
			runOnlyForDeploymentPostprocessing = 0;
		};
/* End PBXSourcesBuildPhase section */

/* Begin PBXVariantGroup section */
		40A3A2101DCE09A50032EECE /* Main.storyboard */ = {
			isa = PBXVariantGroup;
			children = (
				40A3A2111DCE09A50032EECE /* Base */,
			);
			name = Main.storyboard;
			sourceTree = "<group>";
		};
		40A3A2151DCE09A50032EECE /* LaunchScreen.storyboard */ = {
			isa = PBXVariantGroup;
			children = (
				40A3A2161DCE09A50032EECE /* Base */,
			);
			name = LaunchScreen.storyboard;
			sourceTree = "<group>";
		};
/* End PBXVariantGroup section */

/* Begin XCBuildConfiguration section */
		40A3A2191DCE09A50032EECE /* Debug */ = {
			isa = XCBuildConfiguration;
			buildSettings = {
				ALWAYS_SEARCH_USER_PATHS = NO;
				CLANG_ANALYZER_NONNULL = YES;
				CLANG_CXX_LANGUAGE_STANDARD = "gnu++0x";
				CLANG_CXX_LIBRARY = "libc++";
				CLANG_ENABLE_MODULES = YES;
				CLANG_ENABLE_OBJC_ARC = YES;
				CLANG_WARN_BOOL_CONVERSION = YES;
				CLANG_WARN_CONSTANT_CONVERSION = YES;
				CLANG_WARN_DIRECT_OBJC_ISA_USAGE = YES_ERROR;
				CLANG_WARN_DOCUMENTATION_COMMENTS = YES;
				CLANG_WARN_EMPTY_BODY = YES;
				CLANG_WARN_ENUM_CONVERSION = YES;
				CLANG_WARN_INFINITE_RECURSION = YES;
				CLANG_WARN_INT_CONVERSION = YES;
				CLANG_WARN_OBJC_ROOT_CLASS = YES_ERROR;
				CLANG_WARN_SUSPICIOUS_MOVE = YES;
				CLANG_WARN_SUSPICIOUS_MOVES = YES;
				CLANG_WARN_UNREACHABLE_CODE = YES;
				CLANG_WARN__DUPLICATE_METHOD_MATCH = YES;
				"CODE_SIGN_IDENTITY[sdk=iphoneos*]" = "iPhone Developer";
				COPY_PHASE_STRIP = NO;
				DEBUG_INFORMATION_FORMAT = dwarf;
				ENABLE_STRICT_OBJC_MSGSEND = YES;
				ENABLE_TESTABILITY = YES;
				GCC_C_LANGUAGE_STANDARD = gnu99;
				GCC_DYNAMIC_NO_PIC = NO;
				GCC_NO_COMMON_BLOCKS = YES;
				GCC_OPTIMIZATION_LEVEL = 0;
				GCC_PREPROCESSOR_DEFINITIONS = (
					"DEBUG=1",
					"$(inherited)",
				);
				GCC_WARN_64_TO_32_BIT_CONVERSION = YES;
				GCC_WARN_ABOUT_RETURN_TYPE = YES_ERROR;
				GCC_WARN_UNDECLARED_SELECTOR = YES;
				GCC_WARN_UNINITIALIZED_AUTOS = YES_AGGRESSIVE;
				GCC_WARN_UNUSED_FUNCTION = YES;
				GCC_WARN_UNUSED_VARIABLE = YES;
				IPHONEOS_DEPLOYMENT_TARGET = 10.1;
				MTL_ENABLE_DEBUG_INFO = YES;
				ONLY_ACTIVE_ARCH = YES;
				SDKROOT = iphoneos;
				SWIFT_ACTIVE_COMPILATION_CONDITIONS = DEBUG;
				SWIFT_OPTIMIZATION_LEVEL = "-Onone";
				TARGETED_DEVICE_FAMILY = "1,2";
			};
			name = Debug;
		};
		40A3A21A1DCE09A50032EECE /* Release */ = {
			isa = XCBuildConfiguration;
			buildSettings = {
				ALWAYS_SEARCH_USER_PATHS = NO;
				CLANG_ANALYZER_NONNULL = YES;
				CLANG_CXX_LANGUAGE_STANDARD = "gnu++0x";
				CLANG_CXX_LIBRARY = "libc++";
				CLANG_ENABLE_MODULES = YES;
				CLANG_ENABLE_OBJC_ARC = YES;
				CLANG_WARN_BOOL_CONVERSION = YES;
				CLANG_WARN_CONSTANT_CONVERSION = YES;
				CLANG_WARN_DIRECT_OBJC_ISA_USAGE = YES_ERROR;
				CLANG_WARN_DOCUMENTATION_COMMENTS = YES;
				CLANG_WARN_EMPTY_BODY = YES;
				CLANG_WARN_ENUM_CONVERSION = YES;
				CLANG_WARN_INFINITE_RECURSION = YES;
				CLANG_WARN_INT_CONVERSION = YES;
				CLANG_WARN_OBJC_ROOT_CLASS = YES_ERROR;
				CLANG_WARN_SUSPICIOUS_MOVE = YES;
				CLANG_WARN_SUSPICIOUS_MOVES = YES;
				CLANG_WARN_UNREACHABLE_CODE = YES;
				CLANG_WARN__DUPLICATE_METHOD_MATCH = YES;
				"CODE_SIGN_IDENTITY[sdk=iphoneos*]" = "iPhone Developer";
				COPY_PHASE_STRIP = NO;
				DEBUG_INFORMATION_FORMAT = "dwarf-with-dsym";
				ENABLE_NS_ASSERTIONS = NO;
				ENABLE_STRICT_OBJC_MSGSEND = YES;
				GCC_C_LANGUAGE_STANDARD = gnu99;
				GCC_NO_COMMON_BLOCKS = YES;
				GCC_WARN_64_TO_32_BIT_CONVERSION = YES;
				GCC_WARN_ABOUT_RETURN_TYPE = YES_ERROR;
				GCC_WARN_UNDECLARED_SELECTOR = YES;
				GCC_WARN_UNINITIALIZED_AUTOS = YES_AGGRESSIVE;
				GCC_WARN_UNUSED_FUNCTION = YES;
				GCC_WARN_UNUSED_VARIABLE = YES;
				IPHONEOS_DEPLOYMENT_TARGET = 10.1;
				MTL_ENABLE_DEBUG_INFO = NO;
				SDKROOT = iphoneos;
				SWIFT_OPTIMIZATION_LEVEL = "-Owholemodule";
				TARGETED_DEVICE_FAMILY = "1,2";
				VALIDATE_PRODUCT = YES;
			};
			name = Release;
		};
		40A3A21C1DCE09A50032EECE /* Debug */ = {
			isa = XCBuildConfiguration;
			baseConfigurationReference = 72CCF35EEB7384063138BAA6 /* Pods-DiaryMVC.debug.xcconfig */;
			buildSettings = {
				ALWAYS_EMBED_SWIFT_STANDARD_LIBRARIES = YES;
				ASSETCATALOG_COMPILER_APPICON_NAME = AppIcon;
				DEVELOPMENT_TEAM = D679G69XAU;
				INFOPLIST_FILE = DiaryMVC/Info.plist;
				LD_RUNPATH_SEARCH_PATHS = "$(inherited) @executable_path/Frameworks";
				PRODUCT_BUNDLE_IDENTIFIER = gplusss.DiaryMVC;
				PRODUCT_NAME = "$(TARGET_NAME)";
				SWIFT_VERSION = 3.0;
			};
			name = Debug;
		};
		40A3A21D1DCE09A50032EECE /* Release */ = {
			isa = XCBuildConfiguration;
			baseConfigurationReference = F73FD4C982FAEE5425CA3BE0 /* Pods-DiaryMVC.release.xcconfig */;
			buildSettings = {
				ALWAYS_EMBED_SWIFT_STANDARD_LIBRARIES = YES;
				ASSETCATALOG_COMPILER_APPICON_NAME = AppIcon;
				DEVELOPMENT_TEAM = D679G69XAU;
				INFOPLIST_FILE = DiaryMVC/Info.plist;
				LD_RUNPATH_SEARCH_PATHS = "$(inherited) @executable_path/Frameworks";
				PRODUCT_BUNDLE_IDENTIFIER = gplusss.DiaryMVC;
				PRODUCT_NAME = "$(TARGET_NAME)";
				SWIFT_VERSION = 3.0;
			};
			name = Release;
		};
/* End XCBuildConfiguration section */

/* Begin XCConfigurationList section */
		40A3A2041DCE09A50032EECE /* Build configuration list for PBXProject "DiaryMVC" */ = {
			isa = XCConfigurationList;
			buildConfigurations = (
				40A3A2191DCE09A50032EECE /* Debug */,
				40A3A21A1DCE09A50032EECE /* Release */,
			);
			defaultConfigurationIsVisible = 0;
			defaultConfigurationName = Release;
		};
		40A3A21B1DCE09A50032EECE /* Build configuration list for PBXNativeTarget "DiaryMVC" */ = {
			isa = XCConfigurationList;
			buildConfigurations = (
				40A3A21C1DCE09A50032EECE /* Debug */,
				40A3A21D1DCE09A50032EECE /* Release */,
			);
			defaultConfigurationIsVisible = 0;
			defaultConfigurationName = Release;
		};
/* End XCConfigurationList section */
	};
	rootObject = 40A3A2011DCE09A50032EECE /* Project object */;
}
